
Microsoft Visual Studio Solution File, Format Version 12.00
# Visual Studio 15
VisualStudioVersion = 15.0.28307.757
MinimumVisualStudioVersion = 10.0.40219.1
Project("{FAE04EC0-301F-11D3-BF4B-00C04F79EFBC}") = "Custom Spreadsheet", "Custom Spreadsheet\Custom Spreadsheet.csproj", "{1B1121E0-87FC-48F1-ADB0-34DD9634A0A7}"
EndProject
Global
	GlobalSection(SolutionConfigurationPlatforms) = preSolution
		Debug|Any CPU = Debug|Any CPU
		Release|Any CPU = Release|Any CPU
	EndGlobalSection
	GlobalSection(ProjectConfigurationPlatforms) = postSolution
		{1B1121E0-87FC-48F1-ADB0-34DD9634A0A7}.Debug|Any CPU.ActiveCfg = Debug|Any CPU
		{1B1121E0-87FC-48F1-ADB0-34DD9634A0A7}.Debug|Any CPU.Build.0 = Debug|Any CPU
		{1B1121E0-87FC-48F1-ADB0-34DD9634A0A7}.Release|Any CPU.ActiveCfg = Release|Any CPU
		{1B1121E0-87FC-48F1-ADB0-34DD9634A0A7}.Release|Any CPU.Build.0 = Release|Any CPU
	EndGlobalSection
	GlobalSection(SolutionProperties) = preSolution
		HideSolutionNode = FALSE
	EndGlobalSection
	GlobalSection(ExtensibilityGlobals) = postSolution
		SolutionGuid = {FDA46756-69C7-47F1-85F6-E0A29959D5CC}
	EndGlobalSection
EndGlobal
